
Microsoft Visual Studio Solution File, Format Version 12.00
# Visual Studio Version 16
VisualStudioVersion = 16.0.28822.285
MinimumVisualStudioVersion = 10.0.40219.1
Project("{FAE04EC0-301F-11D3-BF4B-00C04F79EFBC}") = "PapaYorkieInvestment", "PapaYorkieInvestment\PapaYorkieInvestment.csproj", "{2F372557-EE9F-4C6D-B050-E113F26292CD}"
EndProject
Project("{2150E333-8FDC-42A3-9474-1A3956D46DE8}") = "Solution Items", "Solution Items", "{E0FF3291-C338-415F-88AF-066F33A2D956}"
	ProjectSection(SolutionItems) = preProject
		PapaYorkieInvestment\PapaYorkie_sq_icon.ico = PapaYorkieInvestment\PapaYorkie_sq_icon.ico
	EndProjectSection
EndProject
Project("{54435603-DBB4-11D2-8724-00A0C9A8B90C}") = "SetupPapaYorkieInvestments", "SetupPapaYorkieInvestments\SetupPapaYorkieInvestments.vdproj", "{E5A132AD-73A6-46C0-89F8-1981B24547EB}"
EndProject
Global
	GlobalSection(SolutionConfigurationPlatforms) = preSolution
		Debug|Any CPU = Debug|Any CPU
		Release|Any CPU = Release|Any CPU
	EndGlobalSection
	GlobalSection(ProjectConfigurationPlatforms) = postSolution
		{2F372557-EE9F-4C6D-B050-E113F26292CD}.Debug|Any CPU.ActiveCfg = Debug|Any CPU
		{2F372557-EE9F-4C6D-B050-E113F26292CD}.Debug|Any CPU.Build.0 = Debug|Any CPU
		{2F372557-EE9F-4C6D-B050-E113F26292CD}.Release|Any CPU.ActiveCfg = Release|Any CPU
		{2F372557-EE9F-4C6D-B050-E113F26292CD}.Release|Any CPU.Build.0 = Release|Any CPU
		{E5A132AD-73A6-46C0-89F8-1981B24547EB}.Debug|Any CPU.ActiveCfg = Debug
		{E5A132AD-73A6-46C0-89F8-1981B24547EB}.Release|Any CPU.ActiveCfg = Release
	EndGlobalSection
	GlobalSection(SolutionProperties) = preSolution
		HideSolutionNode = FALSE
	EndGlobalSection
	GlobalSection(ExtensibilityGlobals) = postSolution
		SolutionGuid = {D84DE114-DB40-4E88-B3BB-35A653A06442}
	EndGlobalSection
EndGlobal
